
Microsoft Visual Studio Solution File, Format Version 12.00
# Visual Studio Version 17
VisualStudioVersion = 17.5.33502.453
MinimumVisualStudioVersion = 10.0.40219.1
Project("{2150E333-8FDC-42A3-9474-1A3956D46DE8}") = "Internal", "Internal", "{5516C013-4095-474E-85F3-E9550FF1BE53}"
	ProjectSection(SolutionItems) = preProject
		Internal\.editorconfig = Internal\.editorconfig
	EndProjectSection
EndProject
Project("{2150E333-8FDC-42A3-9474-1A3956D46DE8}") = "Scripts", "Scripts", "{9CCD8268-A441-4AA9-973B-9488BC2AC5E7}"
EndProject
Project("{2150E333-8FDC-42A3-9474-1A3956D46DE8}") = "Dlls", "Dlls", "{41680706-73CA-4FEA-9608-2C46C35A69DE}"
	ProjectSection(SolutionItems) = preProject
		Dlls\ABOUT.md = Dlls\ABOUT.md
	EndProjectSection
EndProject
Project("{2150E333-8FDC-42A3-9474-1A3956D46DE8}") = "CompanionFiles", "CompanionFiles", "{A82CA14E-28C4-4F42-90CF-FED0ABCBB63F}"
EndProject
Project("{2150E333-8FDC-42A3-9474-1A3956D46DE8}") = "Skyline DataMiner", "Skyline DataMiner", "{8AB99456-155F-4B91-97C3-C2559AAF4003}"
	ProjectSection(SolutionItems) = preProject
		CompanionFiles\Skyline DataMiner\AboutThisFolder.md = CompanionFiles\Skyline DataMiner\AboutThisFolder.md
	EndProjectSection
EndProject
Project("{2150E333-8FDC-42A3-9474-1A3956D46DE8}") = "Documentation", "Documentation", "{03F55BF4-F993-4084-8554-2FB7F7D7E9C1}"
	ProjectSection(SolutionItems) = preProject
		Documentation\ABOUT.md = Documentation\ABOUT.md
		README.md = README.md
	EndProjectSection
EndProject
Project("{2150E333-8FDC-42A3-9474-1A3956D46DE8}") = "Tests", "Tests", "{F8938D60-51A0-4880-9CFC-19C66379BB5D}"
EndProject
Project("{2150E333-8FDC-42A3-9474-1A3956D46DE8}") = "Code Analysis", "Code Analysis", "{AAFEA693-DD7C-4111-B420-168DCAA1BD21}"
	ProjectSection(SolutionItems) = preProject
		Internal\Code Analysis\qaction-debug.ruleset = Internal\Code Analysis\qaction-debug.ruleset
		Internal\Code Analysis\qaction-release.ruleset = Internal\Code Analysis\qaction-release.ruleset
		Internal\Code Analysis\stylecop.json = Internal\Code Analysis\stylecop.json
	EndProjectSection
EndProject
Project("{2150E333-8FDC-42A3-9474-1A3956D46DE8}") = "EpmBeToOlt", "EpmBeToOlt", "{905BD569-D0BC-4C9D-AB8F-316B6EB41766}"
	ProjectSection(SolutionItems) = preProject
		EpmBeToOlt.xml = EpmBeToOlt.xml
	EndProjectSection
EndProject
Project("{2150E333-8FDC-42A3-9474-1A3956D46DE8}") = "Actions", "Actions", "{465DFE90-0C31-42DC-84E8-385872473B0A}"
EndProject
Project("{9A19103F-16F7-4668-BE54-9A1E7A4F7556}") = "EpmBeToOlt_1", "EpmBeToOlt_1\EpmBeToOlt_1.csproj", "{A9A58E79-2432-4EC4-9300-039EB7F7A679}"
EndProject
Global
	GlobalSection(SolutionConfigurationPlatforms) = preSolution
		Debug|Any CPU = Debug|Any CPU
		Release|Any CPU = Release|Any CPU
	EndGlobalSection
	GlobalSection(ProjectConfigurationPlatforms) = postSolution
		{A9A58E79-2432-4EC4-9300-039EB7F7A679}.Debug|Any CPU.ActiveCfg = Debug|Any CPU
		{A9A58E79-2432-4EC4-9300-039EB7F7A679}.Debug|Any CPU.Build.0 = Debug|Any CPU
		{A9A58E79-2432-4EC4-9300-039EB7F7A679}.Release|Any CPU.ActiveCfg = Release|Any CPU
		{A9A58E79-2432-4EC4-9300-039EB7F7A679}.Release|Any CPU.Build.0 = Release|Any CPU
	EndGlobalSection
	GlobalSection(SolutionProperties) = preSolution
		HideSolutionNode = FALSE
	EndGlobalSection
	GlobalSection(NestedProjects) = preSolution
		{8AB99456-155F-4B91-97C3-C2559AAF4003} = {A82CA14E-28C4-4F42-90CF-FED0ABCBB63F}
		{AAFEA693-DD7C-4111-B420-168DCAA1BD21} = {5516C013-4095-474E-85F3-E9550FF1BE53}
		{905BD569-D0BC-4C9D-AB8F-316B6EB41766} = {9CCD8268-A441-4AA9-973B-9488BC2AC5E7}
		{465DFE90-0C31-42DC-84E8-385872473B0A} = {905BD569-D0BC-4C9D-AB8F-316B6EB41766}
		{A9A58E79-2432-4EC4-9300-039EB7F7A679} = {465DFE90-0C31-42DC-84E8-385872473B0A}
	EndGlobalSection
	GlobalSection(ExtensibilityGlobals) = postSolution
		SolutionGuid = {B2399F82-F1A3-440B-AD54-6736EA494CEC}
	EndGlobalSection
EndGlobal
